
Microsoft Visual Studio Solution File, Format Version 12.00
# Visual Studio 2012
Project("{8BC9CEB8-8B4A-11D0-8D11-00A0C91BC942}") = "AssetsManagement", "Projects\AssetsManagement\Src\AssetsManagement.vcxproj", "{15020C27-0C35-4D82-9517-59D175B1DF49}"
	ProjectSection(ProjectDependencies) = postProject
		{06378EA5-B4BB-4F54-A0EF-CC90FCF3E0A3} = {06378EA5-B4BB-4F54-A0EF-CC90FCF3E0A3}
	EndProjectSection
EndProject
Project("{8BC9CEB8-8B4A-11D0-8D11-00A0C91BC942}") = "Audio", "Projects\Audio\Src\Audio.vcxproj", "{BE2A0661-776F-4B5B-B09C-F7304F5C6424}"
EndProject
Project("{8BC9CEB8-8B4A-11D0-8D11-00A0C91BC942}") = "ClientApp", "Projects\ClientApp\Src\ClientApp.vcxproj", "{B139A6B5-5EE8-4C76-BEAF-532B8713C36F}"
EndProject
Project("{8BC9CEB8-8B4A-11D0-8D11-00A0C91BC942}") = "ES", "Projects\ES\Src\ES.vcxproj", "{78BCBBD0-888F-41CD-8B6F-29539812F67E}"
EndProject
Project("{8BC9CEB8-8B4A-11D0-8D11-00A0C91BC942}") = "Gameplay", "Projects\Gameplay\Src\Gameplay.vcxproj", "{31187F8A-0A57-4E1E-AAFF-C2EFF38F6F5F}"
	ProjectSection(ProjectDependencies) = postProject
		{3FDA2AC9-E14F-47E2-987E-F05F799AFAF8} = {3FDA2AC9-E14F-47E2-987E-F05F799AFAF8}
		{78BCBBD0-888F-41CD-8B6F-29539812F67E} = {78BCBBD0-888F-41CD-8B6F-29539812F67E}
	EndProjectSection
EndProject
Project("{8BC9CEB8-8B4A-11D0-8D11-00A0C91BC942}") = "Graphics", "Projects\Graphics\Src\Graphics.vcxproj", "{6DEEA297-0E8A-48FF-A8D6-C0780B8503EA}"
	ProjectSection(ProjectDependencies) = postProject
		{15020C27-0C35-4D82-9517-59D175B1DF49} = {15020C27-0C35-4D82-9517-59D175B1DF49}
		{7BC84332-97E7-4A31-AA8A-77E4B91F24A2} = {7BC84332-97E7-4A31-AA8A-77E4B91F24A2}
		{06378EA5-B4BB-4F54-A0EF-CC90FCF3E0A3} = {06378EA5-B4BB-4F54-A0EF-CC90FCF3E0A3}
	EndProjectSection
EndProject
Project("{8BC9CEB8-8B4A-11D0-8D11-00A0C91BC942}") = "Input", "Projects\Input\Src\Input.vcxproj", "{1C8E062E-2E4C-4C6B-BF3A-72A742065BE4}"
EndProject
Project("{8BC9CEB8-8B4A-11D0-8D11-00A0C91BC942}") = "NetComm", "Projects\NetComm\Src\NetComm.vcxproj", "{3FDA2AC9-E14F-47E2-987E-F05F799AFAF8}"
EndProject
Project("{8BC9CEB8-8B4A-11D0-8D11-00A0C91BC942}") = "Physics", "Projects\Physics\Src\Physics.vcxproj", "{9A6825EE-38C3-41DC-997D-28D9B269FF3F}"
EndProject
Project("{8BC9CEB8-8B4A-11D0-8D11-00A0C91BC942}") = "ServerApp", "Projects\ServerApp\Src\ServerApp.vcxproj", "{7103FB0E-9D65-4F94-910A-61F53BA6DF5C}"
	ProjectSection(ProjectDependencies) = postProject
		{31187F8A-0A57-4E1E-AAFF-C2EFF38F6F5F} = {31187F8A-0A57-4E1E-AAFF-C2EFF38F6F5F}
		{3FDA2AC9-E14F-47E2-987E-F05F799AFAF8} = {3FDA2AC9-E14F-47E2-987E-F05F799AFAF8}
		{78BCBBD0-888F-41CD-8B6F-29539812F67E} = {78BCBBD0-888F-41CD-8B6F-29539812F67E}
	EndProjectSection
EndProject
Project("{8BC9CEB8-8B4A-11D0-8D11-00A0C91BC942}") = "Gtest", "Projects\Gtest\Src\Gtest.vcxproj", "{C1B712E8-6D81-4E7C-A4E9-C50C99259673}"
EndProject
Project("{8BC9CEB8-8B4A-11D0-8D11-00A0C91BC942}") = "AgileUtility", "Projects\AgileUtility\src\AgileUtility.vcxproj", "{7BC84332-97E7-4A31-AA8A-77E4B91F24A2}"
EndProject
Project("{8BC9CEB8-8B4A-11D0-8D11-00A0C91BC942}") = "Util", "Projects\Util\Src\Util.vcxproj", "{06378EA5-B4BB-4F54-A0EF-CC90FCF3E0A3}"
EndProject
Project("{8BC9CEB8-8B4A-11D0-8D11-00A0C91BC942}") = "TestAssetsManagement", "Projects\TestAssetsManagement\Src\TestAssetsManagement.vcxproj", "{3ED0ACD9-AF21-4904-A04A-EC0AF972711D}"
	ProjectSection(ProjectDependencies) = postProject
		{15020C27-0C35-4D82-9517-59D175B1DF49} = {15020C27-0C35-4D82-9517-59D175B1DF49}
		{06378EA5-B4BB-4F54-A0EF-CC90FCF3E0A3} = {06378EA5-B4BB-4F54-A0EF-CC90FCF3E0A3}
	EndProjectSection
EndProject
Project("{8BC9CEB8-8B4A-11D0-8D11-00A0C91BC942}") = "TestAudio", "Projects\TestAudio\Src\TestAudio.vcxproj", "{B7796073-8DAA-45B9-9551-1AC8A3D4B1B1}"
	ProjectSection(ProjectDependencies) = postProject
		{BE2A0661-776F-4B5B-B09C-F7304F5C6424} = {BE2A0661-776F-4B5B-B09C-F7304F5C6424}
	EndProjectSection
EndProject
Global
	GlobalSection(SolutionConfigurationPlatforms) = preSolution
		Debug|Win32 = Debug|Win32
		Release|Win32 = Release|Win32
	EndGlobalSection
	GlobalSection(ProjectConfigurationPlatforms) = postSolution
		{15020C27-0C35-4D82-9517-59D175B1DF49}.Debug|Win32.ActiveCfg = Debug|Win32
		{15020C27-0C35-4D82-9517-59D175B1DF49}.Debug|Win32.Build.0 = Debug|Win32
		{15020C27-0C35-4D82-9517-59D175B1DF49}.Release|Win32.ActiveCfg = Release|Win32
		{15020C27-0C35-4D82-9517-59D175B1DF49}.Release|Win32.Build.0 = Release|Win32
		{BE2A0661-776F-4B5B-B09C-F7304F5C6424}.Debug|Win32.ActiveCfg = Debug|Win32
		{BE2A0661-776F-4B5B-B09C-F7304F5C6424}.Debug|Win32.Build.0 = Debug|Win32
		{BE2A0661-776F-4B5B-B09C-F7304F5C6424}.Release|Win32.ActiveCfg = Release|Win32
		{BE2A0661-776F-4B5B-B09C-F7304F5C6424}.Release|Win32.Build.0 = Release|Win32
		{B139A6B5-5EE8-4C76-BEAF-532B8713C36F}.Debug|Win32.ActiveCfg = Debug|Win32
		{B139A6B5-5EE8-4C76-BEAF-532B8713C36F}.Debug|Win32.Build.0 = Debug|Win32
		{B139A6B5-5EE8-4C76-BEAF-532B8713C36F}.Release|Win32.ActiveCfg = Release|Win32
		{B139A6B5-5EE8-4C76-BEAF-532B8713C36F}.Release|Win32.Build.0 = Release|Win32
		{78BCBBD0-888F-41CD-8B6F-29539812F67E}.Debug|Win32.ActiveCfg = Debug|Win32
		{78BCBBD0-888F-41CD-8B6F-29539812F67E}.Debug|Win32.Build.0 = Debug|Win32
		{78BCBBD0-888F-41CD-8B6F-29539812F67E}.Release|Win32.ActiveCfg = Release|Win32
		{78BCBBD0-888F-41CD-8B6F-29539812F67E}.Release|Win32.Build.0 = Release|Win32
		{31187F8A-0A57-4E1E-AAFF-C2EFF38F6F5F}.Debug|Win32.ActiveCfg = Debug|Win32
		{31187F8A-0A57-4E1E-AAFF-C2EFF38F6F5F}.Debug|Win32.Build.0 = Debug|Win32
		{31187F8A-0A57-4E1E-AAFF-C2EFF38F6F5F}.Release|Win32.ActiveCfg = Release|Win32
		{31187F8A-0A57-4E1E-AAFF-C2EFF38F6F5F}.Release|Win32.Build.0 = Release|Win32
		{6DEEA297-0E8A-48FF-A8D6-C0780B8503EA}.Debug|Win32.ActiveCfg = Debug|Win32
		{6DEEA297-0E8A-48FF-A8D6-C0780B8503EA}.Debug|Win32.Build.0 = Debug|Win32
		{6DEEA297-0E8A-48FF-A8D6-C0780B8503EA}.Release|Win32.ActiveCfg = Release|Win32
		{6DEEA297-0E8A-48FF-A8D6-C0780B8503EA}.Release|Win32.Build.0 = Release|Win32
		{1C8E062E-2E4C-4C6B-BF3A-72A742065BE4}.Debug|Win32.ActiveCfg = Debug|Win32
		{1C8E062E-2E4C-4C6B-BF3A-72A742065BE4}.Debug|Win32.Build.0 = Debug|Win32
		{1C8E062E-2E4C-4C6B-BF3A-72A742065BE4}.Release|Win32.ActiveCfg = Release|Win32
		{1C8E062E-2E4C-4C6B-BF3A-72A742065BE4}.Release|Win32.Build.0 = Release|Win32
		{3FDA2AC9-E14F-47E2-987E-F05F799AFAF8}.Debug|Win32.ActiveCfg = Debug|Win32
		{3FDA2AC9-E14F-47E2-987E-F05F799AFAF8}.Debug|Win32.Build.0 = Debug|Win32
		{3FDA2AC9-E14F-47E2-987E-F05F799AFAF8}.Release|Win32.ActiveCfg = Release|Win32
		{3FDA2AC9-E14F-47E2-987E-F05F799AFAF8}.Release|Win32.Build.0 = Release|Win32
		{9A6825EE-38C3-41DC-997D-28D9B269FF3F}.Debug|Win32.ActiveCfg = Debug|Win32
		{9A6825EE-38C3-41DC-997D-28D9B269FF3F}.Debug|Win32.Build.0 = Debug|Win32
		{9A6825EE-38C3-41DC-997D-28D9B269FF3F}.Release|Win32.ActiveCfg = Release|Win32
		{9A6825EE-38C3-41DC-997D-28D9B269FF3F}.Release|Win32.Build.0 = Release|Win32
		{7103FB0E-9D65-4F94-910A-61F53BA6DF5C}.Debug|Win32.ActiveCfg = Debug|Win32
		{7103FB0E-9D65-4F94-910A-61F53BA6DF5C}.Debug|Win32.Build.0 = Debug|Win32
		{7103FB0E-9D65-4F94-910A-61F53BA6DF5C}.Debug|Win32.Deploy.0 = Debug|Win32
		{7103FB0E-9D65-4F94-910A-61F53BA6DF5C}.Release|Win32.ActiveCfg = Release|Win32
		{7103FB0E-9D65-4F94-910A-61F53BA6DF5C}.Release|Win32.Build.0 = Release|Win32
		{C1B712E8-6D81-4E7C-A4E9-C50C99259673}.Debug|Win32.ActiveCfg = Debug|Win32
		{C1B712E8-6D81-4E7C-A4E9-C50C99259673}.Debug|Win32.Build.0 = Debug|Win32
		{C1B712E8-6D81-4E7C-A4E9-C50C99259673}.Release|Win32.ActiveCfg = Release|Win32
		{C1B712E8-6D81-4E7C-A4E9-C50C99259673}.Release|Win32.Build.0 = Release|Win32
		{7BC84332-97E7-4A31-AA8A-77E4B91F24A2}.Debug|Win32.ActiveCfg = Debug|Win32
		{7BC84332-97E7-4A31-AA8A-77E4B91F24A2}.Debug|Win32.Build.0 = Debug|Win32
		{7BC84332-97E7-4A31-AA8A-77E4B91F24A2}.Release|Win32.ActiveCfg = Release|Win32
		{7BC84332-97E7-4A31-AA8A-77E4B91F24A2}.Release|Win32.Build.0 = Release|Win32
		{06378EA5-B4BB-4F54-A0EF-CC90FCF3E0A3}.Debug|Win32.ActiveCfg = Debug|Win32
		{06378EA5-B4BB-4F54-A0EF-CC90FCF3E0A3}.Debug|Win32.Build.0 = Debug|Win32
		{06378EA5-B4BB-4F54-A0EF-CC90FCF3E0A3}.Release|Win32.ActiveCfg = Release|Win32
		{06378EA5-B4BB-4F54-A0EF-CC90FCF3E0A3}.Release|Win32.Build.0 = Release|Win32
		{3ED0ACD9-AF21-4904-A04A-EC0AF972711D}.Debug|Win32.ActiveCfg = Debug|Win32
		{3ED0ACD9-AF21-4904-A04A-EC0AF972711D}.Debug|Win32.Build.0 = Debug|Win32
		{3ED0ACD9-AF21-4904-A04A-EC0AF972711D}.Release|Win32.ActiveCfg = Release|Win32
		{3ED0ACD9-AF21-4904-A04A-EC0AF972711D}.Release|Win32.Build.0 = Release|Win32
		{B7796073-8DAA-45B9-9551-1AC8A3D4B1B1}.Debug|Win32.ActiveCfg = Debug|Win32
		{B7796073-8DAA-45B9-9551-1AC8A3D4B1B1}.Debug|Win32.Build.0 = Debug|Win32
		{B7796073-8DAA-45B9-9551-1AC8A3D4B1B1}.Release|Win32.ActiveCfg = Release|Win32
		{B7796073-8DAA-45B9-9551-1AC8A3D4B1B1}.Release|Win32.Build.0 = Release|Win32
	EndGlobalSection
	GlobalSection(SolutionProperties) = preSolution
		HideSolutionNode = FALSE
	EndGlobalSection
EndGlobal
