<?xml version="1.0" encoding="utf-8"?>
<Project ToolsVersion="4.0" xmlns="http://schemas.microsoft.com/developer/msbuild/2003">
  <ItemGroup>
    <ClCompile Include="Aspect.cpp" />
    <ClCompile Include="Component.cpp" />
    <ClCompile Include="ComponentManager.cpp" />
    <ClCompile Include="ComponentType.cpp" />
    <ClCompile Include="Entity.cpp" />
    <ClCompile Include="EntityManager.cpp" />
    <ClCompile Include="EntitySystem.cpp" />
    <ClCompile Include="EntityWorld.cpp" />
    <ClCompile Include="SystemManager.cpp" />
    <ClCompile Include="SystemType.cpp" />
  </ItemGroup>
  <ItemGroup>
    <ClInclude Include="Aspect.h" />
    <ClInclude Include="Component.h" />
    <ClInclude Include="ComponentManager.h" />
    <ClInclude Include="ComponentType.h" />
    <ClInclude Include="Entity.h" />
    <ClInclude Include="EntityManager.h" />
    <ClInclude Include="IEntityObserver.h" />
    <ClInclude Include="EntitySystem.h" />
    <ClInclude Include="EntityWorld.h" />
    <ClInclude Include="Manager.h" />
    <ClInclude Include="IPerformer.h" />
    <ClInclude Include="SystemManager.h" />
    <ClInclude Include="SystemType.h" />
  </ItemGroup>
  <ItemGroup>
    <Filter Include="Managers">
      <UniqueIdentifier>{db9775ae-6b47-4e48-9388-395d8965a318}</UniqueIdentifier>
    </Filter>
  </ItemGroup>
</Project>