<?xml version="1.0" encoding="utf-8"?>
<Project ToolsVersion="4.0" xmlns="http://schemas.microsoft.com/developer/msbuild/2003">
  <ItemGroup>
    <Filter Include="Gtest Entry">
      <UniqueIdentifier>{4FC737F1-C7A5-4376-A066-2A32D752A2FF}</UniqueIdentifier>
      <Extensions>cpp;c;cc;cxx;def;odl;idl;hpj;bat;asm;asmx</Extensions>
    </Filter>
    <Filter Include="Utilities">
      <UniqueIdentifier>{975daba7-1fa6-4233-9795-3f2542c629be}</UniqueIdentifier>
    </Filter>
    <Filter Include="Utilities\QueueList TEST">
      <UniqueIdentifier>{13271fcc-3983-4368-9fc4-bb6029fd341c}</UniqueIdentifier>
    </Filter>
    <Filter Include="Utilities\Vector3 TEST">
      <UniqueIdentifier>{7dd21d1c-9db0-42df-9d50-a4b6b207248c}</UniqueIdentifier>
    </Filter>
    <Filter Include="ES">
      <UniqueIdentifier>{5c950032-1f7c-4328-b3df-f9dfc244fce8}</UniqueIdentifier>
    </Filter>
    <Filter Include="ES\ComponentType TEST">
      <UniqueIdentifier>{00ea89a4-6c8d-420d-81e9-73e6e52882b4}</UniqueIdentifier>
    </Filter>
    <Filter Include="ES\EntitySystem TEST">
      <UniqueIdentifier>{83bdcc86-73a9-4bf0-adef-931fd6c7a671}</UniqueIdentifier>
    </Filter>
    <Filter Include="ES\EntityManager TEST">
      <UniqueIdentifier>{877c3db5-3e71-4f06-b5ec-6737b1f213e1}</UniqueIdentifier>
    </Filter>
    <Filter Include="ProcessThread">
      <UniqueIdentifier>{1cdc7bff-f539-40b2-b3ec-2b567a728a23}</UniqueIdentifier>
    </Filter>
    <Filter Include="ProcessThread\ThreadSafeMessaging TEST">
      <UniqueIdentifier>{9d93ad2a-8d46-49c1-b6bd-5b4a1152a980}</UniqueIdentifier>
    </Filter>
    <Filter Include="ProcessThread\ProcessThread TEST">
      <UniqueIdentifier>{0911badd-e531-40c3-a58e-82ca382b2e18}</UniqueIdentifier>
    </Filter>
  </ItemGroup>
  <ItemGroup>
    <ClCompile Include="Runner.cpp">
      <Filter>Gtest Entry</Filter>
    </ClCompile>
    <ClCompile Include="QueueListTEST.cpp">
      <Filter>Utilities\QueueList TEST</Filter>
    </ClCompile>
    <ClCompile Include="Vector3TEST.cpp">
      <Filter>Utilities\Vector3 TEST</Filter>
    </ClCompile>
    <ClCompile Include="..\..\Gameplay\Src\Vector3.cpp">
      <Filter>Utilities\Vector3 TEST</Filter>
    </ClCompile>
    <ClCompile Include="ComponentType TEST.cpp">
      <Filter>ES\ComponentType TEST</Filter>
    </ClCompile>
    <ClCompile Include="..\..\ES\Src\ComponentType.cpp">
      <Filter>ES\ComponentType TEST</Filter>
    </ClCompile>
    <ClCompile Include="EntitySystemTEST.cpp">
      <Filter>ES\EntitySystem TEST</Filter>
    </ClCompile>
    <ClCompile Include="..\..\ES\Src\EntitySystem.cpp">
      <Filter>ES\EntitySystem TEST</Filter>
    </ClCompile>
    <ClCompile Include="..\..\ES\Src\Entity.cpp">
      <Filter>ES\EntitySystem TEST</Filter>
    </ClCompile>
    <ClCompile Include="EntityManagerTEST.cpp">
      <Filter>ES\EntityManager TEST</Filter>
    </ClCompile>
    <ClCompile Include="..\..\ES\Src\EntityManager.cpp">
      <Filter>ES\EntityManager TEST</Filter>
    </ClCompile>
    <ClCompile Include="ThreadSafeMessagingTEST.cpp">
      <Filter>ProcessThread\ThreadSafeMessaging TEST</Filter>
    </ClCompile>
    <ClCompile Include="..\..\NetComm\Src\ThreadSafeMessaging.cpp">
      <Filter>ProcessThread\ThreadSafeMessaging TEST</Filter>
    </ClCompile>
    <ClCompile Include="..\..\NetComm\Src\ProcessMessage.cpp">
      <Filter>ProcessThread\ThreadSafeMessaging TEST</Filter>
    </ClCompile>
    <ClCompile Include="ProcessThreadTEST.cpp">
      <Filter>ProcessThread\ProcessThread TEST</Filter>
    </ClCompile>
    <ClCompile Include="..\..\NetComm\Src\ProcessThread.cpp">
      <Filter>ProcessThread\ProcessThread TEST</Filter>
    </ClCompile>
  </ItemGroup>
  <ItemGroup>
    <ClInclude Include="..\..\Gameplay\Src\QueueList.h">
      <Filter>Utilities\QueueList TEST</Filter>
    </ClInclude>
    <ClInclude Include="..\..\Gameplay\Src\Vector3.h">
      <Filter>Utilities\Vector3 TEST</Filter>
    </ClInclude>
    <ClInclude Include="..\..\ES\Src\ComponentType.h">
      <Filter>ES\ComponentType TEST</Filter>
    </ClInclude>
    <ClInclude Include="..\..\ES\Src\EntitySystem.h">
      <Filter>ES\EntitySystem TEST</Filter>
    </ClInclude>
    <ClInclude Include="..\..\ES\Src\Entity.h">
      <Filter>ES\EntitySystem TEST</Filter>
    </ClInclude>
    <ClInclude Include="..\..\ES\Src\EntityManager.h">
      <Filter>ES\EntityManager TEST</Filter>
    </ClInclude>
    <ClInclude Include="..\..\NetComm\Src\ThreadSafeMessaging.h">
      <Filter>ProcessThread\ThreadSafeMessaging TEST</Filter>
    </ClInclude>
    <ClInclude Include="..\..\NetComm\Src\ProcessMessage.h">
      <Filter>ProcessThread\ThreadSafeMessaging TEST</Filter>
    </ClInclude>
    <ClInclude Include="..\..\NetComm\Src\ProcessThread.h">
      <Filter>ProcessThread\ProcessThread TEST</Filter>
    </ClInclude>
  </ItemGroup>
</Project>