<?xml version="1.0" encoding="utf-8"?>
<Project ToolsVersion="4.0" xmlns="http://schemas.microsoft.com/developer/msbuild/2003">
  <ItemGroup>
    <ClCompile Include="main.cpp" />
    <ClCompile Include="ClientApplication.cpp" />
    <ClCompile Include="..\..\ServerApp\Src\ServerApplication.cpp">
      <Filter>ServerApplication refs</Filter>
    </ClCompile>
  </ItemGroup>
  <ItemGroup>
    <ClInclude Include="ClientApplication.h" />
    <ClInclude Include="..\..\ServerApp\Src\ServerApplication.h">
      <Filter>ServerApplication refs</Filter>
    </ClInclude>
    <ClInclude Include="resource.h" />
  </ItemGroup>
  <ItemGroup>
    <Filter Include="ServerApplication refs">
      <UniqueIdentifier>{7f38769d-effe-469b-aad1-12f2ce071d4b}</UniqueIdentifier>
    </Filter>
  </ItemGroup>
  <ItemGroup>
    <ResourceCompile Include="ClientApp.rc" />
  </ItemGroup>
  <ItemGroup>
    <Image Include="appico.ico" />
  </ItemGroup>
</Project>