<?xml version="1.0" encoding="utf-8"?>
<Project ToolsVersion="4.0" xmlns="http://schemas.microsoft.com/developer/msbuild/2003">
  <ItemGroup>
    <ClInclude Include="DebugUtil.h" />
    <ClInclude Include="ToString.h" />
    <ClInclude Include="UniqueIndexList.h" />
  </ItemGroup>
  <ItemGroup>
    <ClCompile Include="util.cpp" />
  </ItemGroup>
</Project>