<?xml version="1.0" encoding="utf-8"?>
<Project ToolsVersion="4.0" xmlns="http://schemas.microsoft.com/developer/msbuild/2003">
  <ItemGroup>
    <Filter Include="Systems">
      <UniqueIdentifier>{3b4ffbfb-44ad-46fd-9668-cf5457cf2378}</UniqueIdentifier>
    </Filter>
    <Filter Include="Components">
      <UniqueIdentifier>{6896154a-b653-4ad0-bac7-13fda941d97c}</UniqueIdentifier>
    </Filter>
    <Filter Include="Systems\GFX">
      <UniqueIdentifier>{3cf7ed56-f6e3-4758-9c65-96d8487c2889}</UniqueIdentifier>
    </Filter>
    <Filter Include="Components\GFX">
      <UniqueIdentifier>{b76a3f38-43d2-476d-9588-523fa3b4c051}</UniqueIdentifier>
    </Filter>
    <Filter Include="Systems\Network">
      <UniqueIdentifier>{c8d90dbd-1e98-4c08-bd45-970976832584}</UniqueIdentifier>
    </Filter>
    <Filter Include="Systems\Network\Client only">
      <UniqueIdentifier>{7e8c3639-af8d-4dc9-b14a-a2110309b0d9}</UniqueIdentifier>
    </Filter>
    <Filter Include="Systems\Network\Server only">
      <UniqueIdentifier>{f9080e87-a6cc-4e4e-a5b6-d8d9d12c560c}</UniqueIdentifier>
    </Filter>
    <Filter Include="Systems\Network\Shared">
      <UniqueIdentifier>{598cd067-3fde-4322-93f8-60839d9de4bd}</UniqueIdentifier>
    </Filter>
    <Filter Include="Systems\Network\Packet Translation">
      <UniqueIdentifier>{c6fa6994-fa76-4a62-870f-55e97305c635}</UniqueIdentifier>
    </Filter>
    <Filter Include="Components\Audio">
      <UniqueIdentifier>{aa22ac64-9492-409e-919e-a6c09be5005a}</UniqueIdentifier>
    </Filter>
    <Filter Include="Systems\Audio">
      <UniqueIdentifier>{17697685-e7f0-41c7-b82a-0934c2c51555}</UniqueIdentifier>
    </Filter>
    <Filter Include="Systems\Physics">
      <UniqueIdentifier>{a720c3fd-ebf9-479a-9496-2f8856fc4d20}</UniqueIdentifier>
    </Filter>
    <Filter Include="Systems\Input">
      <UniqueIdentifier>{026ec2f5-acc1-4d85-b1ba-897b977a46d0}</UniqueIdentifier>
    </Filter>
    <Filter Include="Systems\Level Gen">
      <UniqueIdentifier>{4cd67128-583a-453a-a2c4-7b2dd76d0bfd}</UniqueIdentifier>
    </Filter>
    <Filter Include="Systems\GUI">
      <UniqueIdentifier>{32749578-2c15-494f-a6cd-c24748b3f952}</UniqueIdentifier>
    </Filter>
    <Filter Include="Components\GUI">
      <UniqueIdentifier>{9b451e1d-4250-48a9-b153-f724e60047a4}</UniqueIdentifier>
    </Filter>
    <Filter Include="Components\Physics">
      <UniqueIdentifier>{e0545ecf-2bca-4bcb-b57a-5431f87bec15}</UniqueIdentifier>
    </Filter>
    <Filter Include="Components\Modules">
      <UniqueIdentifier>{da8af97e-ab37-4be7-b186-fa265addd428}</UniqueIdentifier>
    </Filter>
    <Filter Include="Systems\Gameplay">
      <UniqueIdentifier>{46d7a489-37b9-49e1-81d5-e026f4628ed8}</UniqueIdentifier>
    </Filter>
    <Filter Include="Components\Tags">
      <UniqueIdentifier>{3b95b3e8-1f89-4116-8a09-3aa212603498}</UniqueIdentifier>
    </Filter>
    <Filter Include="Components\Gameplay">
      <UniqueIdentifier>{2fc3b5f8-d1b0-4fac-aeef-640197930b79}</UniqueIdentifier>
    </Filter>
    <Filter Include="Systems\Timer">
      <UniqueIdentifier>{72cfdd05-70c4-46af-b896-f310e2ad1fa5}</UniqueIdentifier>
    </Filter>
    <Filter Include="Systems\Network\Packet Translation\Packetizer">
      <UniqueIdentifier>{c5530950-a1ec-448f-b7f3-e286ad528221}</UniqueIdentifier>
    </Filter>
    <Filter Include="Systems\Gameplay\Client Only">
      <UniqueIdentifier>{76ad3c20-f53a-48b9-abee-cdb92bd51253}</UniqueIdentifier>
    </Filter>
    <Filter Include="Systems\Gameplay\Server Only">
      <UniqueIdentifier>{2078725b-b88b-46bc-a0c5-98d2a2907c9a}</UniqueIdentifier>
    </Filter>
    <Filter Include="Systems\Gameplay\Server Only\Modules">
      <UniqueIdentifier>{4743a9da-7b5e-4fa7-982b-efcfc41244df}</UniqueIdentifier>
    </Filter>
    <Filter Include="Structs">
      <UniqueIdentifier>{a00554af-c0bc-4968-87f2-f05f087071ee}</UniqueIdentifier>
    </Filter>
    <Filter Include="Systems\Debugging">
      <UniqueIdentifier>{b0682e0a-4a1a-4deb-a524-b4063533bd5c}</UniqueIdentifier>
    </Filter>
    <Filter Include="Systems\Network\Packet Translation\Packet Structs">
      <UniqueIdentifier>{92b625fb-ffd2-4ec4-bcce-f5f181b31237}</UniqueIdentifier>
    </Filter>
    <Filter Include="Systems\GUI\LibRocket">
      <UniqueIdentifier>{c3b9b8b0-4900-44df-a134-d16a84443ec7}</UniqueIdentifier>
    </Filter>
    <Filter Include="Systems\Gameplay\Tracking">
      <UniqueIdentifier>{a4501ea5-e7b0-427f-8cd2-c4bb9d149621}</UniqueIdentifier>
    </Filter>
    <Filter Include="Misc">
      <UniqueIdentifier>{abfb1759-38b6-4daa-b150-f1567ada88be}</UniqueIdentifier>
    </Filter>
    <Filter Include="Components\States">
      <UniqueIdentifier>{9e022492-9da3-4858-bcdf-adee07cbdfdd}</UniqueIdentifier>
    </Filter>
    <Filter Include="Components\Modules\Events">
      <UniqueIdentifier>{121a2fd9-a9e7-4cee-899f-dc895e1013ab}</UniqueIdentifier>
    </Filter>
    <Filter Include="Components\Modules\Events\Module Events %28Server%29">
      <UniqueIdentifier>{7d99334e-e016-4792-a741-2e4a2c01a176}</UniqueIdentifier>
    </Filter>
    <Filter Include="Components\Modules\Events\Module Events %28Client%29">
      <UniqueIdentifier>{8f00b4f6-313a-4252-bc3c-5fd2302d76ec}</UniqueIdentifier>
    </Filter>
  </ItemGroup>
  <ItemGroup>
    <ClInclude Include="NetworkSynced.h">
      <Filter>Components</Filter>
    </ClInclude>
    <ClInclude Include="Transform.h">
      <Filter>Components</Filter>
    </ClInclude>
    <ClInclude Include="Input.h">
      <Filter>Components</Filter>
    </ClInclude>
    <ClInclude Include="CameraSystem.h">
      <Filter>Systems\GFX</Filter>
    </ClInclude>
    <ClInclude Include="GraphicsBackendSystem.h">
      <Filter>Systems\GFX</Filter>
    </ClInclude>
    <ClInclude Include="RenderInfo.h">
      <Filter>Components\GFX</Filter>
    </ClInclude>
    <ClInclude Include="CameraInfo.h">
      <Filter>Components\GFX</Filter>
    </ClInclude>
    <ClInclude Include="ProcessingMessagesSystem.h">
      <Filter>Systems\Network\Shared</Filter>
    </ClInclude>
    <ClInclude Include="PacketType.h">
      <Filter>Systems\Network\Packet Translation</Filter>
    </ClInclude>
    <ClInclude Include="AudioInfo.h">
      <Filter>Components\Audio</Filter>
    </ClInclude>
    <ClInclude Include="AudioListener.h">
      <Filter>Components\Audio</Filter>
    </ClInclude>
    <ClInclude Include="AudioBackendSystem.h">
      <Filter>Systems\Audio</Filter>
    </ClInclude>
    <ClInclude Include="AudioController.h">
      <Filter>Systems\Audio</Filter>
    </ClInclude>
    <ClInclude Include="AudioListenerSystem.h">
      <Filter>Systems\Audio</Filter>
    </ClInclude>
    <ClInclude Include="InputBackendSystem.h">
      <Filter>Systems\Input</Filter>
    </ClInclude>
    <ClInclude Include="PhysicsSystem.h">
      <Filter>Systems\Physics</Filter>
    </ClInclude>
    <ClInclude Include="LevelGenSystem.h">
      <Filter>Systems\Level Gen</Filter>
    </ClInclude>
    <ClInclude Include="MenuSystem.h">
      <Filter>Systems\GUI</Filter>
    </ClInclude>
    <ClInclude Include="HudSystem.h">
      <Filter>Systems\GUI</Filter>
    </ClInclude>
    <ClInclude Include="HudElement.h">
      <Filter>Components\GUI</Filter>
    </ClInclude>
    <ClInclude Include="PlayerScore.h">
      <Filter>Components</Filter>
    </ClInclude>
    <ClInclude Include="DisplayPlayerScoreSystem.h">
      <Filter>Systems\Network\Client only</Filter>
    </ClInclude>
    <ClInclude Include="BodyInitData.h">
      <Filter>Components\Physics</Filter>
    </ClInclude>
    <ClInclude Include="PhysicsBody.h">
      <Filter>Components\Physics</Filter>
    </ClInclude>
    <ClInclude Include="LevelPiece.h">
      <Filter>Systems\Level Gen</Filter>
    </ClInclude>
    <ClInclude Include="SpeedBoosterModule.h">
      <Filter>Components\Modules</Filter>
    </ClInclude>
    <ClInclude Include="ShipModule.h">
      <Filter>Components\Modules</Filter>
    </ClInclude>
    <ClInclude Include="ConnectionPointSet.h">
      <Filter>Components</Filter>
    </ClInclude>
    <ClInclude Include="MinigunModule.h">
      <Filter>Components\Modules</Filter>
    </ClInclude>
    <ClInclude Include="ServerPacketHandlerSystem.h">
      <Filter>Systems\Network\Server only</Filter>
    </ClInclude>
    <ClInclude Include="ServerScoreSystem.h">
      <Filter>Systems\Network\Server only</Filter>
    </ClInclude>
    <ClInclude Include="ServerUpdateSystem.h">
      <Filter>Systems\Network\Server only</Filter>
    </ClInclude>
    <ClInclude Include="ClientPacketHandlerSystem.h">
      <Filter>Systems\Network\Client only</Filter>
    </ClInclude>
    <ClInclude Include="GameplayTags.h">
      <Filter>Components\Tags</Filter>
    </ClInclude>
    <ClInclude Include="ShipEditController.h">
      <Filter>Components\Gameplay</Filter>
    </ClInclude>
    <ClInclude Include="ShipFlyController.h">
      <Filter>Components\Gameplay</Filter>
    </ClInclude>
    <ClInclude Include="ShipEditControllerSystem.h">
      <Filter>Systems\Gameplay</Filter>
    </ClInclude>
    <ClInclude Include="ShipFlyControllerSystem.h">
      <Filter>Systems\Gameplay</Filter>
    </ClInclude>
    <ClInclude Include="ShipInputProcessingSystem.h">
      <Filter>Systems\Gameplay</Filter>
    </ClInclude>
    <ClInclude Include="LookAtEntity.h">
      <Filter>Components\Gameplay</Filter>
    </ClInclude>
    <ClInclude Include="LookAtSystem.h">
      <Filter>Systems\Gameplay</Filter>
    </ClInclude>
    <ClInclude Include="PlayerCameraControllerSystem.h">
      <Filter>Systems\Gameplay</Filter>
    </ClInclude>
    <ClInclude Include="PlayerCameraController.h">
      <Filter>Components\Gameplay</Filter>
    </ClInclude>
    <ClInclude Include="ShieldModule.h">
      <Filter>Components\Modules</Filter>
    </ClInclude>
    <ClInclude Include="MineLayerModule.h">
      <Filter>Components\Modules</Filter>
    </ClInclude>
    <ClInclude Include="StandardMine.h">
      <Filter>Components\Gameplay</Filter>
    </ClInclude>
    <ClInclude Include="MineControllerSystem.h">
      <Filter>Systems\Gameplay</Filter>
    </ClInclude>
    <ClInclude Include="RocketLauncherModule.h">
      <Filter>Components\Modules</Filter>
    </ClInclude>
    <ClInclude Include="Connector1to2Module.h">
      <Filter>Components\Modules</Filter>
    </ClInclude>
    <ClInclude Include="MineLayerModuleControllerSystem.h">
      <Filter>Systems\Gameplay\Server Only\Modules</Filter>
    </ClInclude>
    <ClInclude Include="MinigunModuleControllerSystem.h">
      <Filter>Systems\Gameplay\Server Only\Modules</Filter>
    </ClInclude>
    <ClInclude Include="RocketLauncherModuleControllerSystem.h">
      <Filter>Systems\Gameplay\Server Only\Modules</Filter>
    </ClInclude>
    <ClInclude Include="ShieldModuleControllerSystem.h">
      <Filter>Systems\Gameplay\Server Only\Modules</Filter>
    </ClInclude>
    <ClInclude Include="ClientConnectToServerSystem.h">
      <Filter>Systems\Network\Client only</Filter>
    </ClInclude>
    <ClInclude Include="EntityType.h">
      <Filter>Systems\Network\Packet Translation</Filter>
    </ClInclude>
    <ClInclude Include="ServerDynamicObjectsSystem.h">
      <Filter>Systems\Network\Server only</Filter>
    </ClInclude>
    <ClInclude Include="ServerStaticObjectsSystem.h">
      <Filter>Systems\Network\Server only</Filter>
    </ClInclude>
    <ClInclude Include="ServerWelcomeSystem.h">
      <Filter>Systems\Network\Server only</Filter>
    </ClInclude>
    <ClInclude Include="TimerSystem.h">
      <Filter>Systems\Timer</Filter>
    </ClInclude>
    <ClInclude Include="ThrustPacket.h">
      <Filter>Systems\Network\Packet Translation\Packetizer</Filter>
    </ClInclude>
    <ClInclude Include="Packetizer.h">
      <Filter>Systems\Network\Packet Translation\Packetizer</Filter>
    </ClInclude>
    <ClInclude Include="PingPacket.h">
      <Filter>Systems\Network\Packet Translation\Packetizer</Filter>
    </ClInclude>
    <ClInclude Include="PongPacket.h">
      <Filter>Systems\Network\Packet Translation\Packetizer</Filter>
    </ClInclude>
    <ClInclude Include="PickComponent.h">
      <Filter>Components\Gameplay</Filter>
    </ClInclude>
    <ClInclude Include="RayPacket.h">
      <Filter>Systems\Network\Packet Translation\Packetizer</Filter>
    </ClInclude>
    <ClInclude Include="EntityCreationPacket.h">
      <Filter>Systems\Network\Packet Translation\Packetizer</Filter>
    </ClInclude>
    <ClInclude Include="WelcomePacket.h">
      <Filter>Systems\Network\Packet Translation\Packetizer</Filter>
    </ClInclude>
    <ClInclude Include="UpdateClientStatsPacket.h">
      <Filter>Systems\Network\Packet Translation\Packetizer</Filter>
    </ClInclude>
    <ClInclude Include="ShipModulesControllerSystem.h">
      <Filter>Systems\Gameplay\Server Only\Modules</Filter>
    </ClInclude>
    <ClInclude Include="ClientPickingSystem.h">
      <Filter>Systems\Gameplay\Client Only</Filter>
    </ClInclude>
    <ClInclude Include="ServerPickingSystem.h">
      <Filter>Systems\Gameplay\Server Only</Filter>
    </ClInclude>
    <ClInclude Include="HighlightSlotPacket.h">
      <Filter>Systems\Network\Packet Translation\Packetizer</Filter>
    </ClInclude>
    <ClInclude Include="MeshRenderSystem.h">
      <Filter>Systems\GFX</Filter>
    </ClInclude>
    <ClInclude Include="AntTweakBarSystem.h">
      <Filter>Systems</Filter>
    </ClInclude>
    <ClInclude Include="LightRenderSystem.h">
      <Filter>Systems\GFX</Filter>
    </ClInclude>
    <ClInclude Include="ParticleRenderSystem.h">
      <Filter>Systems\GFX</Filter>
    </ClInclude>
    <ClInclude Include="SimpleEventPacket.h">
      <Filter>Systems\Network\Packet Translation\Packetizer</Filter>
    </ClInclude>
    <ClInclude Include="ShipManagerSystem.h">
      <Filter>Systems\Gameplay</Filter>
    </ClInclude>
    <ClInclude Include="ExtrapolationSystem.h">
      <Filter>Systems\Network\Client only</Filter>
    </ClInclude>
    <ClInclude Include="Extrapolate.h">
      <Filter>Components</Filter>
    </ClInclude>
    <ClInclude Include="StandardRocket.h">
      <Filter>Components\Gameplay</Filter>
    </ClInclude>
    <ClInclude Include="RocketControllerSystem.h">
      <Filter>Systems\Gameplay</Filter>
    </ClInclude>
    <ClInclude Include="LightsComponent.h">
      <Filter>Components\GFX</Filter>
    </ClInclude>
    <ClInclude Include="NetSyncedPlayerScoreTrackerSystem.h">
      <Filter>Systems\Network\Shared</Filter>
    </ClInclude>
    <ClInclude Include="ParticleSystemEmitter.h">
      <Filter>Components\Gameplay</Filter>
    </ClInclude>
    <ClInclude Include="ParticleSystemEmitterSystem.h">
      <Filter>Systems\Gameplay\Client Only</Filter>
    </ClInclude>
    <ClInclude Include="BoundingVolumeInitData.h">
      <Filter>Components\Physics</Filter>
    </ClInclude>
    <ClInclude Include="ParticleUpdatePacket.h">
      <Filter>Systems\Network\Packet Translation\Packetizer</Filter>
    </ClInclude>
    <ClInclude Include="GraphicsRendererSystem.h">
      <Filter>Systems\GFX</Filter>
    </ClInclude>
    <ClInclude Include="LoadMesh.h">
      <Filter>Components\GFX</Filter>
    </ClInclude>
    <ClInclude Include="LoadMeshSystem.h">
      <Filter>Systems\GFX</Filter>
    </ClInclude>
    <ClInclude Include="EntityParent.h">
      <Filter>Components</Filter>
    </ClInclude>
    <ClInclude Include="TransformParentHandlerSystem.h">
      <Filter>Systems</Filter>
    </ClInclude>
    <ClInclude Include="PositionalSoundSystem.h">
      <Filter>Systems\Audio</Filter>
    </ClInclude>
    <ClInclude Include="GameStatsSystem.h">
      <Filter>Systems\GUI</Filter>
    </ClInclude>
    <ClInclude Include="PlayerStats.h">
      <Filter>Structs</Filter>
    </ClInclude>
    <ClInclude Include="ClientInfo.h">
      <Filter>Components</Filter>
    </ClInclude>
    <ClInclude Include="ServerClientInfoSystem.h">
      <Filter>Systems\Network\Server only</Filter>
    </ClInclude>
    <ClInclude Include="DisplayGameStats.h">
      <Filter>Systems</Filter>
    </ClInclude>
    <ClInclude Include="SpawnSoundEffectPacket.h">
      <Filter>Systems\Network\Packet Translation\Packetizer</Filter>
    </ClInclude>
    <ClInclude Include="PositionalSoundSystem.h">
      <Filter>Systems\Audio</Filter>
    </ClInclude>
    <ClInclude Include="PositionalSoundSource.h">
      <Filter>Components\Audio</Filter>
    </ClInclude>
    <ClInclude Include="DebugMove.h">
      <Filter>Components</Filter>
    </ClInclude>
    <ClInclude Include="DebugMovementSystem.h">
      <Filter>Systems\Debugging</Filter>
    </ClInclude>
    <ClInclude Include="NetsyncDirectMapperSystem.h">
      <Filter>Systems\Network\Client only</Filter>
    </ClInclude>
    <ClInclude Include="EntityFactory.h" />
    <ClInclude Include="MoveShipLightsSystem.h">
      <Filter>Systems\Debugging</Filter>
    </ClInclude>
    <ClInclude Include="EntityDeletionPacket.h">
      <Filter>Systems\Network\Packet Translation\Packetizer</Filter>
    </ClInclude>
    <ClInclude Include="LightBlinkerSystem.h">
      <Filter>Systems\Gameplay</Filter>
    </ClInclude>
    <ClInclude Include="LightBlinker.h">
      <Filter>Components\Gameplay</Filter>
    </ClInclude>
    <ClInclude Include="EntityUpdatePacket.h">
      <Filter>Systems\Network\Packet Translation\Packet Structs</Filter>
    </ClInclude>
    <ClInclude Include="PlayersWinLosePacket.h">
      <Filter>Systems\Network\Packet Translation\Packetizer</Filter>
    </ClInclude>
    <ClInclude Include="WinningConditionSystem.h">
      <Filter>Systems\Network\Server only</Filter>
    </ClInclude>
    <ClInclude Include="ParticleSystemCreationInfo.h">
      <Filter>Systems\Network\Packet Translation\Packet Structs</Filter>
    </ClInclude>
    <ClInclude Include="ParticleSystemServerComponent.h">
      <Filter>Components</Filter>
    </ClInclude>
    <ClInclude Include="ShipModulesTrackerSystem.h">
      <Filter>Systems\Gameplay\Tracking</Filter>
    </ClInclude>
    <ClInclude Include="ShadowSystem.h">
      <Filter>Systems\GFX</Filter>
    </ClInclude>
    <ClInclude Include="ModuleEvent.h">
      <Filter>Components\Modules\Events</Filter>
    </ClInclude>
    <ClInclude Include="RemoveSoundEffectPacket.h">
      <Filter>Systems\Network\Packet Translation\Packetizer</Filter>
    </ClInclude>
    <ClInclude Include="SpeedBoostModuleControllerSystem.h">
      <Filter>Systems\Gameplay\Server Only\Modules</Filter>
    </ClInclude>
    <ClInclude Include="MeshOffsetTransform.h">
      <Filter>Components</Filter>
    </ClInclude>
    <ClInclude Include="InterpolationComponent.h" />
    <ClInclude Include="Vibration.h">
      <Filter>Components</Filter>
    </ClInclude>
    <ClInclude Include="StaticProp.h">
      <Filter>Components</Filter>
    </ClInclude>
    <ClInclude Include="MenuItem.h">
      <Filter>Components\GUI</Filter>
    </ClInclude>
    <ClInclude Include="LibRocketBackendSystem.h">
      <Filter>Systems\GUI\LibRocket</Filter>
    </ClInclude>
    <ClInclude Include="LibRocketRenderInterface.h">
      <Filter>Systems\GUI\LibRocket</Filter>
    </ClInclude>
    <ClInclude Include="LibRocketSystemInterface.h">
      <Filter>Systems\GUI\LibRocket</Filter>
    </ClInclude>
    <ClInclude Include="LibRocketInputHelper.h">
      <Filter>Systems\GUI\LibRocket</Filter>
    </ClInclude>
    <ClInclude Include="GameOptionsSystem.h">
      <Filter>Systems\GUI</Filter>
    </ClInclude>
    <ClInclude Include="LibRocketEventManagerSystem.h">
      <Filter>Systems\GUI\LibRocket</Filter>
    </ClInclude>
    <ClInclude Include="ClientMeasurementSystem.h">
      <Filter>Systems\Debugging</Filter>
    </ClInclude>
    <ClInclude Include="ServerMeasurementSystem.h">
      <Filter>Systems\Debugging</Filter>
    </ClInclude>
    <ClInclude Include="CameraControlPacket.h">
      <Filter>Systems\Network\Packet Translation\Packetizer</Filter>
    </ClInclude>
    <ClInclude Include="ShipConnectionPointHighlights.h">
      <Filter>Components\Gameplay</Filter>
    </ClInclude>
    <ClInclude Include="ClientEntityCountSystem.h">
      <Filter>Systems\Debugging</Filter>
    </ClInclude>
    <ClInclude Include="InputActionsBackendSystem.h">
      <Filter>Systems\Input</Filter>
    </ClInclude>
    <ClInclude Include="ShipSlotControllerSystem.h">
      <Filter>Systems\Gameplay</Filter>
    </ClInclude>
    <ClInclude Include="ParticleSystemsComponent.h">
      <Filter>Components\GFX</Filter>
    </ClInclude>
    <ClInclude Include="ParticleSystemInstructionTranslatorSystem.h">
      <Filter>Systems\GFX</Filter>
    </ClInclude>
    <ClInclude Include="AntTweakBarEnablerSystem.h">
      <Filter>Systems\Debugging</Filter>
    </ClInclude>
    <ClInclude Include="EnumGameStates.h">
      <Filter>Misc</Filter>
    </ClInclude>
    <ClInclude Include="GameState.h">
      <Filter>Components\States</Filter>
    </ClInclude>
    <ClInclude Include="ShieldPlatingSystem.h">
      <Filter>Systems</Filter>
    </ClInclude>
    <ClInclude Include="SpeedBoostModuleActivation.h">
      <Filter>Components\Modules\Events\Module Events %28Server%29</Filter>
    </ClInclude>
    <ClInclude Include="ShieldModuleActivation.h">
      <Filter>Components\Modules\Events\Module Events %28Server%29</Filter>
    </ClInclude>
    <ClInclude Include="CircularMovementSystem.h">
      <Filter>Systems\Debugging</Filter>
    </ClInclude>
    <ClInclude Include="CircularMovement.h">
      <Filter>Components</Filter>
    </ClInclude>
    <ClInclude Include="ShieldPlate.h">
      <Filter>Components\Modules</Filter>
    </ClInclude>
    <ClInclude Include="ModuleTriggerPacket.h">
      <Filter>Systems\Network\Packet Translation\Packetizer</Filter>
    </ClInclude>
    <ClInclude Include="ShieldModuleActivationClient.h">
      <Filter>Components\Modules\Events\Module Events %28Client%29</Filter>
    </ClInclude>
    <ClInclude Include="SpawnPointSet.h">
      <Filter>Components</Filter>
    </ClInclude>
    <ClInclude Include="SkeletalAnimation.h">
      <Filter>Components\GFX</Filter>
    </ClInclude>
    <ClInclude Include="SkeletalAnimationSystem.h">
      <Filter>Systems\GFX</Filter>
    </ClInclude>
    <ClInclude Include="AnimationUpdatePacket.h">
      <Filter>Systems\Network\Packet Translation\Packetizer</Filter>
    </ClInclude>
    <ClInclude Include="BoundingSphere.h">
      <Filter>Components\GFX</Filter>
    </ClInclude>
    <ClInclude Include="ScoreWorldVisualizerSystem.h">
      <Filter>Systems\GFX</Filter>
    </ClInclude>
    <ClInclude Include="OnHitScoreEffectPacket.h">
      <Filter>Components\GFX</Filter>
    </ClInclude>
    <ClInclude Include="OnHitEffectBufferSystem.h">
      <Filter>Systems\GFX</Filter>
    </ClInclude>
    <ClInclude Include="LevelPieceInfo.h">
      <Filter>Components</Filter>
    </ClInclude>
    <ClInclude Include="LevelPieceFileMapping.h">
      <Filter>Systems\Level Gen</Filter>
    </ClInclude>
    <ClInclude Include="LevelHandlerSystem.h">
      <Filter>Systems\Level Gen</Filter>
    </ClInclude>
    <ClInclude Include="LevelPieceRoot.h">
      <Filter>Components</Filter>
    </ClInclude>
    <ClInclude Include="BoundingBox.h">
      <Filter>Components\GFX</Filter>
    </ClInclude>
    <ClInclude Include="GradientMapping.h">
      <Filter>Components</Filter>
    </ClInclude>
    <ClInclude Include="GamepadRumbleSystem.h">
      <Filter>Systems</Filter>
    </ClInclude>
    <ClInclude Include="ModuleHelper.h" />
    <ClInclude Include="LoadMeshSystemServer.h">
      <Filter>Systems</Filter>
    </ClInclude>
    <ClInclude Include="LoadMeshSystemClient.h">
      <Filter>Systems</Filter>
    </ClInclude>
    <ClInclude Include="InterpolationSystem.h">
      <Filter>Systems</Filter>
    </ClInclude>
    <ClInclude Include="ModuleStateChangePacket.h">
      <Filter>Systems\Network\Packet Translation\Packetizer</Filter>
    </ClInclude>
    <ClInclude Include="CullingSystem.h">
      <Filter>Systems\GFX</Filter>
    </ClInclude>
    <ClInclude Include="ConnectionVisualizerSystem.h">
      <Filter>Systems\GFX</Filter>
    </ClInclude>
    <ClInclude Include="SlotParticleEffectPacket.h">
      <Filter>Systems\Network\Packet Translation\Packetizer</Filter>
    </ClInclude>
    <ClInclude Include="SpeedFovAdjustSystem.h">
      <Filter>Systems\Gameplay\Client Only</Filter>
    </ClInclude>
    <ClInclude Include="LevelInfo.h">
      <Filter>Components</Filter>
    </ClInclude>
    <ClInclude Include="LevelInfoLoader.h">
      <Filter>Systems\Level Gen</Filter>
    </ClInclude>
    <ClInclude Include="AxisRotate.h">
      <Filter>Components</Filter>
    </ClInclude>
    <ClInclude Include="AxisRotationSystem.h">
      <Filter>Systems</Filter>
    </ClInclude>
    <ClInclude Include="MenuBackgroundSceneSystem.h">
      <Filter>Systems</Filter>
    </ClInclude>
    <ClInclude Include="SpawnExplosionPacket.h">
      <Filter>Systems\Network\Packet Translation\Packetizer</Filter>
    </ClInclude>
    <ClInclude Include="GradientComponent.h">
      <Filter>Components\GFX</Filter>
    </ClInclude>
    <ClInclude Include="EnvironmentValues.h">
      <Filter>Components\GFX</Filter>
    </ClInclude>
    <ClInclude Include="EnvironmentSystem.h">
      <Filter>Systems\GFX</Filter>
    </ClInclude>
  </ItemGroup>
  <ItemGroup>
    <ClCompile Include="Transform.cpp">
      <Filter>Components</Filter>
    </ClCompile>
    <ClCompile Include="CameraSystem.cpp">
      <Filter>Systems\GFX</Filter>
    </ClCompile>
    <ClCompile Include="RenderInfo.cpp">
      <Filter>Components\GFX</Filter>
    </ClCompile>
    <ClCompile Include="CameraInfo.cpp">
      <Filter>Components\GFX</Filter>
    </ClCompile>
    <ClCompile Include="ProcessingMessagesSystem.cpp">
      <Filter>Systems\Network\Shared</Filter>
    </ClCompile>
    <ClCompile Include="AudioInfo.cpp">
      <Filter>Components\Audio</Filter>
    </ClCompile>
    <ClCompile Include="AudioListener.cpp">
      <Filter>Components\Audio</Filter>
    </ClCompile>
    <ClCompile Include="AudioBackendSystem.cpp">
      <Filter>Systems\Audio</Filter>
    </ClCompile>
    <ClCompile Include="AudioController.cpp">
      <Filter>Systems\Audio</Filter>
    </ClCompile>
    <ClCompile Include="AudioListenerSystem.cpp">
      <Filter>Systems\Audio</Filter>
    </ClCompile>
    <ClCompile Include="InputBackendSystem.cpp">
      <Filter>Systems\Input</Filter>
    </ClCompile>
    <ClCompile Include="PhysicsSystem.cpp">
      <Filter>Systems\Physics</Filter>
    </ClCompile>
    <ClCompile Include="GraphicsBackendSystem.cpp">
      <Filter>Systems\GFX</Filter>
    </ClCompile>
    <ClCompile Include="MenuSystem.cpp">
      <Filter>Systems\GUI</Filter>
    </ClCompile>
    <ClCompile Include="HudSystem.cpp">
      <Filter>Systems\GUI</Filter>
    </ClCompile>
    <ClCompile Include="HudElement.cpp">
      <Filter>Components\GUI</Filter>
    </ClCompile>
    <ClCompile Include="PlayerScore.cpp">
      <Filter>Components</Filter>
    </ClCompile>
    <ClCompile Include="DisplayPlayerScoreSystem.cpp">
      <Filter>Systems\Network\Client only</Filter>
    </ClCompile>
    <ClCompile Include="PhysicsBody.cpp">
      <Filter>Components\Physics</Filter>
    </ClCompile>
    <ClCompile Include="LevelGenSystem.cpp">
      <Filter>Systems\Level Gen</Filter>
    </ClCompile>
    <ClCompile Include="LevelPiece.cpp">
      <Filter>Systems\Level Gen</Filter>
    </ClCompile>
    <ClCompile Include="ShipModule.cpp">
      <Filter>Components\Modules</Filter>
    </ClCompile>
    <ClCompile Include="SpeedBoosterModule.cpp">
      <Filter>Components\Modules</Filter>
    </ClCompile>
    <ClCompile Include="ConnectionPointSet.cpp">
      <Filter>Components</Filter>
    </ClCompile>
    <ClCompile Include="MinigunModule.cpp">
      <Filter>Components\Modules</Filter>
    </ClCompile>
    <ClCompile Include="ServerPacketHandlerSystem.cpp">
      <Filter>Systems\Network\Server only</Filter>
    </ClCompile>
    <ClCompile Include="ServerScoreSystem.cpp">
      <Filter>Systems\Network\Server only</Filter>
    </ClCompile>
    <ClCompile Include="ServerUpdateSystem.cpp">
      <Filter>Systems\Network\Server only</Filter>
    </ClCompile>
    <ClCompile Include="ClientPacketHandlerSystem.cpp">
      <Filter>Systems\Network\Client only</Filter>
    </ClCompile>
    <ClCompile Include="ShipEditControllerSystem.cpp">
      <Filter>Systems\Gameplay</Filter>
    </ClCompile>
    <ClCompile Include="ShipFlyControllerSystem.cpp">
      <Filter>Systems\Gameplay</Filter>
    </ClCompile>
    <ClCompile Include="ShipInputProcessingSystem.cpp">
      <Filter>Systems\Gameplay</Filter>
    </ClCompile>
    <ClCompile Include="LookAtSystem.cpp">
      <Filter>Systems\Gameplay</Filter>
    </ClCompile>
    <ClCompile Include="ShieldModule.cpp">
      <Filter>Components\Modules</Filter>
    </ClCompile>
    <ClCompile Include="MineLayerModule.cpp">
      <Filter>Components\Modules</Filter>
    </ClCompile>
    <ClCompile Include="StandardMine.cpp">
      <Filter>Components\Gameplay</Filter>
    </ClCompile>
    <ClCompile Include="MineControllerSystem.cpp">
      <Filter>Systems\Gameplay</Filter>
    </ClCompile>
    <ClCompile Include="RocketLauncherModule.cpp">
      <Filter>Components\Modules</Filter>
    </ClCompile>
    <ClCompile Include="Connector1to2Module.cpp">
      <Filter>Components\Modules</Filter>
    </ClCompile>
    <ClCompile Include="MineLayerModuleControllerSystem.cpp">
      <Filter>Systems\Gameplay\Server Only\Modules</Filter>
    </ClCompile>
    <ClCompile Include="MinigunModuleControllerSystem.cpp">
      <Filter>Systems\Gameplay\Server Only\Modules</Filter>
    </ClCompile>
    <ClCompile Include="RockerLauncherModuleControllerSystem.cpp">
      <Filter>Systems\Gameplay\Server Only\Modules</Filter>
    </ClCompile>
    <ClCompile Include="ShieldModuleControllerSystem.cpp">
      <Filter>Systems\Gameplay\Server Only\Modules</Filter>
    </ClCompile>
    <ClCompile Include="ClientConnectToServerSystem.cpp">
      <Filter>Systems\Network\Client only</Filter>
    </ClCompile>
    <ClCompile Include="ServerDynamicObjectsSystem.cpp">
      <Filter>Systems\Network\Server only</Filter>
    </ClCompile>
    <ClCompile Include="ServerStaticObjectsSystem.cpp">
      <Filter>Systems\Network\Server only</Filter>
    </ClCompile>
    <ClCompile Include="ServerWelcomeSystem.cpp">
      <Filter>Systems\Network\Server only</Filter>
    </ClCompile>
    <ClCompile Include="TimerSystem.cpp">
      <Filter>Systems\Timer</Filter>
    </ClCompile>
    <ClCompile Include="PlayerCameraControllerSystem.cpp">
      <Filter>Systems\Gameplay</Filter>
    </ClCompile>
    <ClCompile Include="ThrustPacket.cpp">
      <Filter>Systems\Network\Packet Translation\Packetizer</Filter>
    </ClCompile>
    <ClCompile Include="PingPacket.cpp">
      <Filter>Systems\Network\Packet Translation\Packetizer</Filter>
    </ClCompile>
    <ClCompile Include="PongPacket.cpp">
      <Filter>Systems\Network\Packet Translation\Packetizer</Filter>
    </ClCompile>
    <ClCompile Include="RayPacket.cpp">
      <Filter>Systems\Network\Packet Translation\Packetizer</Filter>
    </ClCompile>
    <ClCompile Include="WelcomePacket.cpp">
      <Filter>Systems\Network\Packet Translation\Packetizer</Filter>
    </ClCompile>
    <ClCompile Include="EntityCreationPacket.cpp">
      <Filter>Systems\Network\Packet Translation\Packetizer</Filter>
    </ClCompile>
    <ClCompile Include="UpdateClientStatsPacket.cpp">
      <Filter>Systems\Network\Packet Translation\Packetizer</Filter>
    </ClCompile>
    <ClCompile Include="ShipModulesControllerSystem.cpp">
      <Filter>Systems\Gameplay\Server Only\Modules</Filter>
    </ClCompile>
    <ClCompile Include="ClientPickingSystem.cpp">
      <Filter>Systems\Gameplay\Client Only</Filter>
    </ClCompile>
    <ClCompile Include="ServerPickingSystem.cpp">
      <Filter>Systems\Gameplay\Server Only</Filter>
    </ClCompile>
    <ClCompile Include="HighlightSlotPacket.cpp">
      <Filter>Systems\Network\Packet Translation\Packetizer</Filter>
    </ClCompile>
    <ClCompile Include="MeshRenderSystem.cpp">
      <Filter>Systems\GFX</Filter>
    </ClCompile>
    <ClCompile Include="AntTweakBarSystem.cpp">
      <Filter>Systems</Filter>
    </ClCompile>
    <ClCompile Include="LightRenderSystem.cpp">
      <Filter>Systems\GFX</Filter>
    </ClCompile>
    <ClCompile Include="ParticleRenderSystem.cpp">
      <Filter>Systems\GFX</Filter>
    </ClCompile>
    <ClCompile Include="SimpleEventPacket.cpp">
      <Filter>Systems\Network\Packet Translation\Packetizer</Filter>
    </ClCompile>
    <ClCompile Include="ShipManagerSystem.cpp">
      <Filter>Systems\Gameplay</Filter>
    </ClCompile>
    <ClCompile Include="ExtrapolationSystem.cpp">
      <Filter>Systems\Network\Client only</Filter>
    </ClCompile>
    <ClCompile Include="StandardRocket.cpp">
      <Filter>Components\Gameplay</Filter>
    </ClCompile>
    <ClCompile Include="RocketControllerSystem.cpp">
      <Filter>Systems\Gameplay</Filter>
    </ClCompile>
    <ClCompile Include="LightsComponent.cpp">
      <Filter>Components\GFX</Filter>
    </ClCompile>
    <ClCompile Include="NetSyncedPlayerScoreTrackerSystem.cpp">
      <Filter>Systems\Network\Shared</Filter>
    </ClCompile>
    <ClCompile Include="ParticleSystemEmitterSystem.cpp">
      <Filter>Systems\Gameplay\Client Only</Filter>
    </ClCompile>
    <ClCompile Include="ParticleUpdatePacket.cpp">
      <Filter>Systems\Network\Packet Translation\Packetizer</Filter>
    </ClCompile>
    <ClCompile Include="GraphicsRendererSystem.cpp">
      <Filter>Systems\GFX</Filter>
    </ClCompile>
    <ClCompile Include="ComponentAssemblageAllocator.cpp" />
    <ClCompile Include="LoadMesh.cpp">
      <Filter>Components\GFX</Filter>
    </ClCompile>
    <ClCompile Include="LoadMeshSystem.cpp">
      <Filter>Systems\GFX</Filter>
    </ClCompile>
    <ClCompile Include="BodyInitData.cpp">
      <Filter>Components\Physics</Filter>
    </ClCompile>
    <ClCompile Include="TransformParentHandlerSystem.cpp">
      <Filter>Systems</Filter>
    </ClCompile>
    <ClCompile Include="PositionalSoundSystem.cpp">
      <Filter>Systems\Audio</Filter>
    </ClCompile>
    <ClCompile Include="GameStatsSystem.cpp">
      <Filter>Systems\GUI</Filter>
    </ClCompile>
    <ClCompile Include="ClientInfo.cpp">
      <Filter>Components</Filter>
    </ClCompile>
    <ClCompile Include="ServerClientInfoSystem.cpp">
      <Filter>Systems\Network\Server only</Filter>
    </ClCompile>
    <ClCompile Include="DisplayGameStats.cpp">
      <Filter>Systems</Filter>
    </ClCompile>
    <ClCompile Include="SpawnSoundEffectPacket.cpp">
      <Filter>Systems\Network\Packet Translation\Packetizer</Filter>
    </ClCompile>
    <ClCompile Include="PositionalSoundSource.cpp">
      <Filter>Components\Audio</Filter>
    </ClCompile>
    <ClCompile Include="DebugMovementSystem.cpp">
      <Filter>Systems\Debugging</Filter>
    </ClCompile>
    <ClCompile Include="NetsyncDirectMapperSystem.cpp">
      <Filter>Systems\Network\Client only</Filter>
    </ClCompile>
    <ClCompile Include="EntityFactory.cpp" />
    <ClCompile Include="MoveShipLightsSystem.cpp">
      <Filter>Systems\Debugging</Filter>
    </ClCompile>
    <ClCompile Include="EntityDeletionPacket.cpp">
      <Filter>Systems\Network\Packet Translation\Packetizer</Filter>
    </ClCompile>
    <ClCompile Include="LightBlinkerSystem.cpp">
      <Filter>Systems\Gameplay</Filter>
    </ClCompile>
    <ClCompile Include="EntityUpdatePacket.cpp">
      <Filter>Systems\Network\Packet Translation\Packet Structs</Filter>
    </ClCompile>
    <ClCompile Include="PlayersWinLosePacket.cpp">
      <Filter>Systems\Network\Packet Translation\Packetizer</Filter>
    </ClCompile>
    <ClCompile Include="WinningConditionSystem.cpp">
      <Filter>Systems\Network\Server only</Filter>
    </ClCompile>
    <ClCompile Include="ShipModulesTrackerSystem.cpp">
      <Filter>Systems\Gameplay\Tracking</Filter>
    </ClCompile>
    <ClCompile Include="ShadowSystem.cpp">
      <Filter>Systems\GFX</Filter>
    </ClCompile>
    <ClCompile Include="RemoveSoundEffectPacket.cpp">
      <Filter>Systems\Network\Packet Translation\Packetizer</Filter>
    </ClCompile>
    <ClCompile Include="SpeedBoostModuleControllerSystem.cpp">
      <Filter>Systems\Gameplay\Server Only\Modules</Filter>
    </ClCompile>
    <ClCompile Include="LightBlinker.cpp">
      <Filter>Components\Gameplay</Filter>
    </ClCompile>
    <ClCompile Include="Vibration.cpp">
      <Filter>Components</Filter>
    </ClCompile>
    <ClCompile Include="MenuItem.cpp">
      <Filter>Components\GUI</Filter>
    </ClCompile>
    <ClCompile Include="LibRocketBackendSystem.cpp">
      <Filter>Systems\GUI\LibRocket</Filter>
    </ClCompile>
    <ClCompile Include="LibRocketRenderInterface.cpp">
      <Filter>Systems\GUI\LibRocket</Filter>
    </ClCompile>
    <ClCompile Include="LibRocketSystemInterface.cpp">
      <Filter>Systems\GUI\LibRocket</Filter>
    </ClCompile>
    <ClCompile Include="LibRocketInputHelper.cpp">
      <Filter>Systems\GUI\LibRocket</Filter>
    </ClCompile>
    <ClCompile Include="GameOptionsSystem.cpp">
      <Filter>Systems\GUI</Filter>
    </ClCompile>
    <ClCompile Include="LibRocketEventManagerSystem.cpp">
      <Filter>Systems\GUI\LibRocket</Filter>
    </ClCompile>
    <ClCompile Include="ClientMeasurementSystem.cpp">
      <Filter>Systems\Debugging</Filter>
    </ClCompile>
    <ClCompile Include="ServerMeasurementSystem.cpp">
      <Filter>Systems\Debugging</Filter>
    </ClCompile>
    <ClCompile Include="CameraControlPacket.cpp">
      <Filter>Systems\Network\Packet Translation\Packetizer</Filter>
    </ClCompile>
    <ClCompile Include="ShipConnectionPointHighlights.cpp">
      <Filter>Components\Gameplay</Filter>
    </ClCompile>
    <ClCompile Include="ClientEntityCountSystem.cpp">
      <Filter>Systems\Debugging</Filter>
    </ClCompile>
    <ClCompile Include="InputActionsBackendSystem.cpp">
      <Filter>Systems\Input</Filter>
    </ClCompile>
    <ClCompile Include="ShipSlotControllerSystem.cpp">
      <Filter>Systems\Gameplay</Filter>
    </ClCompile>
    <ClCompile Include="ParticleSystemsComponent.cpp">
      <Filter>Components\GFX</Filter>
    </ClCompile>
    <ClCompile Include="ParticleSystemInstructionTranslatorSystem.cpp">
      <Filter>Systems\GFX</Filter>
    </ClCompile>
    <ClCompile Include="AntTweakBarEnablerSystem.cpp">
      <Filter>Systems\Debugging</Filter>
    </ClCompile>
    <ClCompile Include="GameState.cpp">
      <Filter>Components\States</Filter>
    </ClCompile>
    <ClCompile Include="ShieldPlatingSystem.cpp">
      <Filter>Systems</Filter>
    </ClCompile>
    <ClCompile Include="CircularMovementSystem.cpp">
      <Filter>Systems\Debugging</Filter>
    </ClCompile>
    <ClCompile Include="ModuleTriggerPacket.cpp">
      <Filter>Systems\Debugging</Filter>
    </ClCompile>
    <ClCompile Include="SpawnPointSet.cpp">
      <Filter>Components</Filter>
    </ClCompile>
    <ClCompile Include="SkeletalAnimationSystem.cpp">
      <Filter>Systems\GFX</Filter>
    </ClCompile>
    <ClCompile Include="AnimationUpdatePacket.cpp">
      <Filter>Systems\Network\Packet Translation\Packetizer</Filter>
    </ClCompile>
    <ClCompile Include="ScoreWorldVisualizerSystem.cpp">
      <Filter>Systems\GFX</Filter>
    </ClCompile>
    <ClCompile Include="OnHitScoreEffectPacket.cpp">
      <Filter>Components\GFX</Filter>
    </ClCompile>
    <ClCompile Include="OnHitEffectBufferSystem.cpp">
      <Filter>Systems\GFX</Filter>
    </ClCompile>
    <ClCompile Include="LevelPieceFileMapping.cpp">
      <Filter>Systems\Level Gen</Filter>
    </ClCompile>
    <ClCompile Include="LevelHandlerSystem.cpp">
      <Filter>Systems\Level Gen</Filter>
    </ClCompile>
    <ClCompile Include="LevelPieceRoot.cpp">
      <Filter>Components</Filter>
    </ClCompile>
    <ClCompile Include="GamepadRumbleSystem.cpp">
      <Filter>Systems</Filter>
    </ClCompile>
    <ClCompile Include="ModuleHelper.cpp" />
    <ClCompile Include="LoadMeshSystemServer.cpp">
      <Filter>Systems</Filter>
    </ClCompile>
    <ClCompile Include="LoadMeshSystemClient.cpp">
      <Filter>Systems</Filter>
    </ClCompile>
    <ClCompile Include="InterpolationSystem.cpp">
      <Filter>Systems</Filter>
    </ClCompile>
    <ClCompile Include="ModuleStateChangePacket.cpp">
      <Filter>Systems\Network\Packet Translation\Packetizer</Filter>
    </ClCompile>
    <ClCompile Include="CullingSystem.cpp">
      <Filter>Systems\GFX</Filter>
    </ClCompile>
    <ClCompile Include="ConnectionVisualizerSystem.cpp">
      <Filter>Systems\GFX</Filter>
    </ClCompile>
    <ClCompile Include="SlotParticleEffectPacket.cpp">
      <Filter>Systems\Network\Packet Translation\Packetizer</Filter>
    </ClCompile>
    <ClCompile Include="SpeedFovAdjustSystem.cpp">
      <Filter>Systems\Gameplay\Client Only</Filter>
    </ClCompile>
    <ClCompile Include="LevelInfo.cpp">
      <Filter>Components</Filter>
    </ClCompile>
    <ClCompile Include="LevelInfoLoader.cpp">
      <Filter>Systems\Level Gen</Filter>
    </ClCompile>
    <ClCompile Include="AxisRotationSystem.cpp">
      <Filter>Systems</Filter>
    </ClCompile>
    <ClCompile Include="MenuBackgroundSceneSystem.cpp">
      <Filter>Systems</Filter>
    </ClCompile>
    <ClCompile Include="SpawnExplosionPacket.cpp">
      <Filter>Systems\Network\Packet Translation\Packetizer</Filter>
    </ClCompile>
    <ClCompile Include="GradientComponent.cpp">
      <Filter>Components\GFX</Filter>
    </ClCompile>
    <ClCompile Include="EnvironmentValues.cpp">
      <Filter>Components\GFX</Filter>
    </ClCompile>
    <ClCompile Include="EnvironmentSystem.cpp">
      <Filter>Systems\GFX</Filter>
    </ClCompile>
  </ItemGroup>
</Project>