<?xml version="1.0" encoding="utf-8"?>
<Project ToolsVersion="4.0" xmlns="http://schemas.microsoft.com/developer/msbuild/2003">
  <ItemGroup>
    <ClCompile Include="CameraInfo.cpp" />
    <ClCompile Include="CameraSystem.cpp" />
    <ClCompile Include="GraphicsBackendSystem.cpp" />
    <ClCompile Include="InputSystem.cpp" />
    <ClCompile Include="NetworkListenerSystem.cpp" />
    <ClCompile Include="PhysicsSystem.cpp" />
    <ClCompile Include="PrintPositionsSystem.cpp" />
    <ClCompile Include="RenderInfo.cpp" />
    <ClCompile Include="RenderPrepSystem.cpp" />
    <ClCompile Include="Vector3.cpp" />
  </ItemGroup>
  <ItemGroup>
    <ClInclude Include="CameraInfo.h" />
    <ClInclude Include="CameraSystem.h" />
    <ClInclude Include="GraphicsBackendSystem.h" />
    <ClInclude Include="RenderInfo.h" />
    <ClInclude Include="NetworkClientControllable.h" />
    <ClInclude Include="Input.h" />
    <ClInclude Include="InputSystem.h" />
    <ClInclude Include="NetworkListenerSystem.h" />
    <ClInclude Include="NetworkSynced.h" />
    <ClInclude Include="PhysicsSystem.h" />
    <ClInclude Include="PrintPositionsSystem.h" />
    <ClInclude Include="QueueList.h" />
    <ClInclude Include="RenderPrepSystem.h" />
    <ClInclude Include="Transform.h" />
    <ClInclude Include="Vector3.h" />
    <ClInclude Include="PhysicsBody.h" />
  </ItemGroup>
</Project>