<?xml version="1.0" encoding="utf-8"?>
<Project ToolsVersion="4.0" xmlns="http://schemas.microsoft.com/developer/msbuild/2003">
  <ItemGroup>
    <Filter Include="ProcessThread">
      <UniqueIdentifier>{e388b657-72b8-4092-b328-367e14867715}</UniqueIdentifier>
    </Filter>
    <Filter Include="ThreadSafeMessaging">
      <UniqueIdentifier>{725e2531-2704-401c-8a3c-d72bc2c673ce}</UniqueIdentifier>
    </Filter>
  </ItemGroup>
  <ItemGroup>
    <ClCompile Include="ProcessThread.cpp">
      <Filter>ProcessThread</Filter>
    </ClCompile>
    <ClCompile Include="ThreadSafeMessaging.cpp">
      <Filter>ThreadSafeMessaging</Filter>
    </ClCompile>
  </ItemGroup>
  <ItemGroup>
    <ClInclude Include="ProcessThread.h">
      <Filter>ProcessThread</Filter>
    </ClInclude>
    <ClInclude Include="ThreadSafeMessaging.h">
      <Filter>ThreadSafeMessaging</Filter>
    </ClInclude>
  </ItemGroup>
</Project>