<?xml version="1.0" encoding="utf-8"?>
<Project ToolsVersion="4.0" xmlns="http://schemas.microsoft.com/developer/msbuild/2003">
  <ItemGroup>
    <Filter Include="ProcessThread">
      <UniqueIdentifier>{e388b657-72b8-4092-b328-367e14867715}</UniqueIdentifier>
    </Filter>
    <Filter Include="ThreadSafeMessaging">
      <UniqueIdentifier>{725e2531-2704-401c-8a3c-d72bc2c673ce}</UniqueIdentifier>
    </Filter>
    <Filter Include="TcpListenerProcess">
      <UniqueIdentifier>{97a9f3b1-a111-47a8-a0a8-8bd9ff0a236e}</UniqueIdentifier>
    </Filter>
    <Filter Include="ThreadSafeMessaging\ProcessMessage">
      <UniqueIdentifier>{8642e7b0-2300-472d-a4e5-f0626937060b}</UniqueIdentifier>
    </Filter>
    <Filter Include="ThreadSafeMessaging\ProcessMessage\base">
      <UniqueIdentifier>{c171c6d5-ac52-4ad6-8504-4294fc07e86c}</UniqueIdentifier>
    </Filter>
    <Filter Include="TcpServer">
      <UniqueIdentifier>{8cd0d913-8ccb-4f9c-8451-f665f483fee7}</UniqueIdentifier>
    </Filter>
    <Filter Include="TcpClient">
      <UniqueIdentifier>{e6e8f356-495f-40a1-9af9-193fa3604e18}</UniqueIdentifier>
    </Filter>
    <Filter Include="Packet">
      <UniqueIdentifier>{61a5f306-ae32-4c48-bbf2-685248355e2a}</UniqueIdentifier>
    </Filter>
    <Filter Include="TcpCommunicationProcess">
      <UniqueIdentifier>{101fe3ed-5998-4aad-bb7a-32a4cce9616b}</UniqueIdentifier>
    </Filter>
    <Filter Include="Utility %28Put this in utility project when that project is created.">
      <UniqueIdentifier>{27e1b6c3-05a9-4e54-bdd1-fde5ee97e2a1}</UniqueIdentifier>
    </Filter>
    <Filter Include="IProcessingMessages">
      <UniqueIdentifier>{4d21f996-7e7c-4586-822d-4357817833b1}</UniqueIdentifier>
    </Filter>
    <Filter Include="TcpConnecterProcess">
      <UniqueIdentifier>{bc897d7f-0859-4dbe-9196-490f3542dfd6}</UniqueIdentifier>
    </Filter>
  </ItemGroup>
  <ItemGroup>
    <ClCompile Include="ProcessThread.cpp">
      <Filter>ProcessThread</Filter>
    </ClCompile>
    <ClCompile Include="ThreadSafeMessaging.cpp">
      <Filter>ThreadSafeMessaging</Filter>
    </ClCompile>
    <ClCompile Include="TcpListenerProcess.cpp">
      <Filter>TcpListenerProcess</Filter>
    </ClCompile>
    <ClCompile Include="ProcessMessage.cpp">
      <Filter>ThreadSafeMessaging\ProcessMessage\base</Filter>
    </ClCompile>
    <ClCompile Include="ProcessMessageText.cpp">
      <Filter>ThreadSafeMessaging\ProcessMessage</Filter>
    </ClCompile>
    <ClCompile Include="ProcessMessageClientConnected.cpp">
      <Filter>ThreadSafeMessaging\ProcessMessage</Filter>
    </ClCompile>
    <ClCompile Include="ProcessMessageTerminate.cpp">
      <Filter>ThreadSafeMessaging\ProcessMessage</Filter>
    </ClCompile>
    <ClCompile Include="TcpServer.cpp">
      <Filter>TcpServer</Filter>
    </ClCompile>
    <ClCompile Include="TcpClient.cpp">
      <Filter>TcpClient</Filter>
    </ClCompile>
    <ClCompile Include="ProcessMessageSendPacket.cpp">
      <Filter>ThreadSafeMessaging\ProcessMessage</Filter>
    </ClCompile>
    <ClCompile Include="TcpCommunicationProcess.cpp">
      <Filter>TcpCommunicationProcess</Filter>
    </ClCompile>
    <ClCompile Include="ProcessMessageReceivePacket.cpp">
      <Filter>ThreadSafeMessaging\ProcessMessage</Filter>
    </ClCompile>
    <ClCompile Include="ProcessMessageSocketDisconnected.cpp">
      <Filter>ThreadSafeMessaging\ProcessMessage</Filter>
    </ClCompile>
    <ClCompile Include="StringSplit.cpp">
      <Filter>Utility %28Put this in utility project when that project is created.</Filter>
    </ClCompile>
    <ClCompile Include="Packet.cpp">
      <Filter>Packet</Filter>
    </ClCompile>
    <ClCompile Include="TcpConnecterProcess.cpp">
      <Filter>TcpConnecterProcess</Filter>
    </ClCompile>
    <ClCompile Include="ProcessMessageConnectToServer.cpp">
      <Filter>ThreadSafeMessaging\ProcessMessage</Filter>
    </ClCompile>
  </ItemGroup>
  <ItemGroup>
    <ClInclude Include="ProcessThread.h">
      <Filter>ProcessThread</Filter>
    </ClInclude>
    <ClInclude Include="ThreadSafeMessaging.h">
      <Filter>ThreadSafeMessaging</Filter>
    </ClInclude>
    <ClInclude Include="TcpListenerProcess.h">
      <Filter>TcpListenerProcess</Filter>
    </ClInclude>
    <ClInclude Include="ProcessMessage.h">
      <Filter>ThreadSafeMessaging\ProcessMessage\base</Filter>
    </ClInclude>
    <ClInclude Include="ProcessMessageText.h">
      <Filter>ThreadSafeMessaging\ProcessMessage</Filter>
    </ClInclude>
    <ClInclude Include="ProcessMessageClientConnected.h">
      <Filter>ThreadSafeMessaging\ProcessMessage</Filter>
    </ClInclude>
    <ClInclude Include="ProcessMessageTerminate.h">
      <Filter>ThreadSafeMessaging\ProcessMessage</Filter>
    </ClInclude>
    <ClInclude Include="TcpServer.h">
      <Filter>TcpServer</Filter>
    </ClInclude>
    <ClInclude Include="TcpClient.h">
      <Filter>TcpClient</Filter>
    </ClInclude>
    <ClInclude Include="TcpCommunicationProcess.h">
      <Filter>TcpCommunicationProcess</Filter>
    </ClInclude>
    <ClInclude Include="ProcessMessageSendPacket.h">
      <Filter>ThreadSafeMessaging\ProcessMessage</Filter>
    </ClInclude>
    <ClInclude Include="ProcessMessageReceivePacket.h">
      <Filter>ThreadSafeMessaging\ProcessMessage</Filter>
    </ClInclude>
    <ClInclude Include="ProcessMessageSocketDisconnected.h">
      <Filter>ThreadSafeMessaging\ProcessMessage</Filter>
    </ClInclude>
    <ClInclude Include="StringSplit.h">
      <Filter>Utility %28Put this in utility project when that project is created.</Filter>
    </ClInclude>
    <ClInclude Include="Packet.h">
      <Filter>Packet</Filter>
    </ClInclude>
    <ClInclude Include="TcpConnecterProcess.h">
      <Filter>TcpConnecterProcess</Filter>
    </ClInclude>
    <ClInclude Include="ProcessMessageConnectToServer.h">
      <Filter>ThreadSafeMessaging\ProcessMessage</Filter>
    </ClInclude>
  </ItemGroup>
</Project>