<?xml version="1.0" encoding="utf-8"?>
<Project ToolsVersion="4.0" xmlns="http://schemas.microsoft.com/developer/msbuild/2003">
  <ItemGroup>
    <ClCompile Include="Window.cpp" />
    <ClCompile Include="BufferBase.cpp">
      <Filter>Renderer\Buffer</Filter>
    </ClCompile>
    <ClCompile Include="BufferConfig.cpp">
      <Filter>Renderer\Buffer</Filter>
    </ClCompile>
    <ClCompile Include="ShaderBase.cpp">
      <Filter>Renderer\Shader</Filter>
    </ClCompile>
    <ClCompile Include="ShaderFactory.cpp">
      <Filter>Factory</Filter>
    </ClCompile>
    <ClCompile Include="DeferredBaseShader.cpp">
      <Filter>Renderer\Shader\Shader types</Filter>
    </ClCompile>
    <ClCompile Include="DeferredComposeShader.cpp">
      <Filter>Renderer\Shader\Shader types</Filter>
    </ClCompile>
    <ClCompile Include="BufferFactory.cpp">
      <Filter>Factory</Filter>
    </ClCompile>
    <ClCompile Include="DeferredRenderer.cpp">
      <Filter>Renderer\Deferred</Filter>
    </ClCompile>
    <ClCompile Include="AntTweakBarWrapper.cpp">
      <Filter>AntTweakBar</Filter>
    </ClCompile>
    <ClCompile Include="Mesh.cpp">
      <Filter>Renderer\Mesh</Filter>
    </ClCompile>
    <ClCompile Include="GraphicsWrapper.cpp" />
  </ItemGroup>
  <ItemGroup>
    <ClInclude Include="Window.h" />
    <ClInclude Include="WindowException.h">
      <Filter>Exceptions</Filter>
    </ClInclude>
    <ClInclude Include="D3DException.h">
      <Filter>Exceptions</Filter>
    </ClInclude>
    <ClInclude Include="BufferBase.h">
      <Filter>Renderer\Buffer</Filter>
    </ClInclude>
    <ClInclude Include="BufferConfig.h">
      <Filter>Renderer\Buffer</Filter>
    </ClInclude>
    <ClInclude Include="Buffer.h">
      <Filter>Renderer\Buffer</Filter>
    </ClInclude>
    <ClInclude Include="ShaderBase.h">
      <Filter>Renderer\Shader</Filter>
    </ClInclude>
    <ClInclude Include="ShaderInitStruct.h">
      <Filter>Renderer\Shader</Filter>
    </ClInclude>
    <ClInclude Include="ShaderStageData.h">
      <Filter>Renderer\Shader</Filter>
    </ClInclude>
    <ClInclude Include="ShaderFactory.h">
      <Filter>Factory</Filter>
    </ClInclude>
    <ClInclude Include="DeferredBaseShader.h">
      <Filter>Renderer\Shader\Shader types</Filter>
    </ClInclude>
    <ClInclude Include="DeferredComposeShader.h">
      <Filter>Renderer\Shader\Shader types</Filter>
    </ClInclude>
    <ClInclude Include="BufferFactory.h">
      <Filter>Factory</Filter>
    </ClInclude>
    <ClInclude Include="CBuffers.h">
      <Filter>Renderer\Buffer</Filter>
    </ClInclude>
    <ClInclude Include="ShaderStageConfig.h">
      <Filter>Renderer\Shader</Filter>
    </ClInclude>
    <ClInclude Include="D3DUtil.h">
      <Filter>Graphics Utilities</Filter>
    </ClInclude>
    <ClInclude Include="DeferredRenderer.h">
      <Filter>Renderer\Deferred</Filter>
    </ClInclude>
    <ClInclude Include="FreeImageException.h">
      <Filter>Exceptions</Filter>
    </ClInclude>
    <ClInclude Include="TextureParser.h">
      <Filter>Graphics Utilities</Filter>
    </ClInclude>
    <ClInclude Include="RendererSceneInfo.h" />
    <ClInclude Include="Texture.h">
      <Filter>Renderer\Buffer</Filter>
    </ClInclude>
    <ClInclude Include="PTVertex.h">
      <Filter>Renderer\Vertices</Filter>
    </ClInclude>
    <ClInclude Include="DIndex.h">
      <Filter>Renderer\Vertices</Filter>
    </ClInclude>
    <ClInclude Include="AntTweakBarWrapper.h">
      <Filter>AntTweakBar</Filter>
    </ClInclude>
    <ClInclude Include="Mesh.h">
      <Filter>Renderer\Mesh</Filter>
    </ClInclude>
    <ClInclude Include="GraphicsWrapper.h" />
    <ClInclude Include="PNTVertex.h">
      <Filter>Renderer\Vertices</Filter>
    </ClInclude>
    <ClInclude Include="PNTTBVertex.h">
      <Filter>Renderer\Vertices</Filter>
    </ClInclude>
  </ItemGroup>
  <ItemGroup>
    <Filter Include="Exceptions">
      <UniqueIdentifier>{ed2080cb-88cc-480c-b1e0-f6f067cf3459}</UniqueIdentifier>
    </Filter>
    <Filter Include="Renderer">
      <UniqueIdentifier>{9e006dd4-5e85-4dc5-8bd0-a61348454352}</UniqueIdentifier>
    </Filter>
    <Filter Include="Renderer\Shader">
      <UniqueIdentifier>{264b775e-73fe-46aa-95e8-09fb8bb46e67}</UniqueIdentifier>
    </Filter>
    <Filter Include="Renderer\Buffer">
      <UniqueIdentifier>{bd084ec0-9a62-4ac7-b5f4-2229da7a11f7}</UniqueIdentifier>
    </Filter>
    <Filter Include="Renderer\Deferred">
      <UniqueIdentifier>{a0426606-0273-4997-a7c8-accf0ab8341f}</UniqueIdentifier>
    </Filter>
    <Filter Include="Factory">
      <UniqueIdentifier>{f522370d-24a2-4452-958f-a48920f9d6a0}</UniqueIdentifier>
    </Filter>
    <Filter Include="Renderer\Shader\Shader types">
      <UniqueIdentifier>{b7fbfb4c-63a0-4046-bf65-be4147ca7867}</UniqueIdentifier>
    </Filter>
    <Filter Include="Graphics Utilities">
      <UniqueIdentifier>{58889cfd-138e-45e1-8bc7-4c06780cda71}</UniqueIdentifier>
    </Filter>
    <Filter Include="Renderer\Vertices">
      <UniqueIdentifier>{5254655b-c518-4261-a052-e8bf62c3bf45}</UniqueIdentifier>
    </Filter>
    <Filter Include="AntTweakBar">
      <UniqueIdentifier>{6a99e1d1-7574-4caa-84e2-eb7d24f48833}</UniqueIdentifier>
    </Filter>
    <Filter Include="Renderer\Mesh">
      <UniqueIdentifier>{305044c6-2e69-440e-9427-d7e62138ac39}</UniqueIdentifier>
    </Filter>
  </ItemGroup>
</Project>